
Microsoft Visual Studio Solution File, Format Version 12.00
# Visual Studio Version 17
VisualStudioVersion = 17.5.002.0
MinimumVisualStudioVersion = 10.0.40219.1
Project("{9A19103F-16F7-4668-BE54-9A1E7A4F7556}") = "fluid_sim", "fluid_sim.csproj", "{CDCFB9FC-74AF-492F-9F07-0A251ABFDFC3}"
EndProject
Global
	GlobalSection(SolutionConfigurationPlatforms) = preSolution
		Debug|Any CPU = Debug|Any CPU
		Release|Any CPU = Release|Any CPU
	EndGlobalSection
	GlobalSection(ProjectConfigurationPlatforms) = postSolution
		{CDCFB9FC-74AF-492F-9F07-0A251ABFDFC3}.Debug|Any CPU.ActiveCfg = Debug|Any CPU
		{CDCFB9FC-74AF-492F-9F07-0A251ABFDFC3}.Debug|Any CPU.Build.0 = Debug|Any CPU
		{CDCFB9FC-74AF-492F-9F07-0A251ABFDFC3}.Release|Any CPU.ActiveCfg = Release|Any CPU
		{CDCFB9FC-74AF-492F-9F07-0A251ABFDFC3}.Release|Any CPU.Build.0 = Release|Any CPU
	EndGlobalSection
	GlobalSection(SolutionProperties) = preSolution
		HideSolutionNode = FALSE
	EndGlobalSection
	GlobalSection(ExtensibilityGlobals) = postSolution
		SolutionGuid = {983FD955-D472-4170-9786-9E34F3BDBD9A}
	EndGlobalSection
EndGlobal
